{
  "name": "@data-fair/dev-server",
  "version": "1.13.1",
  "lockfileVersion": 3,
  "requires": true,
  "packages": {
    "": {
      "name": "@data-fair/dev-server",
      "version": "1.13.1",
      "license": "MIT",
      "bin": {
        "df-dev-server": "server/index.js"
      },
      "devDependencies": {}
    }
  }
}
